
Microsoft Visual Studio Solution File, Format Version 12.00
# Visual Studio Version 17
VisualStudioVersion = 17.8.34330.188
MinimumVisualStudioVersion = 10.0.40219.1
Project("{FAE04EC0-301F-11D3-BF4B-00C04F79EFBC}") = "MyParkingManagerDB", "MyParkingManagerDB\MyParkingManagerDB.csproj", "{FC9058AF-5A3C-43C6-B870-FAF579A60F06}"
EndProject
Project("{FAE04EC0-301F-11D3-BF4B-00C04F79EFBC}") = "test1", "test1\test1.csproj", "{7A11B513-CBF7-492B-ACFB-CDCE50335BB5}"
EndProject
Project("{FAE04EC0-301F-11D3-BF4B-00C04F79EFBC}") = "team2", "team2\team2.csproj", "{767682CB-C568-4C08-A989-B2E52CEAE052}"
EndProject
Global
	GlobalSection(SolutionConfigurationPlatforms) = preSolution
		Debug|Any CPU = Debug|Any CPU
		Release|Any CPU = Release|Any CPU
	EndGlobalSection
	GlobalSection(ProjectConfigurationPlatforms) = postSolution
		{FC9058AF-5A3C-43C6-B870-FAF579A60F06}.Debug|Any CPU.ActiveCfg = Debug|Any CPU
		{FC9058AF-5A3C-43C6-B870-FAF579A60F06}.Debug|Any CPU.Build.0 = Debug|Any CPU
		{FC9058AF-5A3C-43C6-B870-FAF579A60F06}.Release|Any CPU.ActiveCfg = Release|Any CPU
		{FC9058AF-5A3C-43C6-B870-FAF579A60F06}.Release|Any CPU.Build.0 = Release|Any CPU
		{7A11B513-CBF7-492B-ACFB-CDCE50335BB5}.Debug|Any CPU.ActiveCfg = Debug|Any CPU
		{7A11B513-CBF7-492B-ACFB-CDCE50335BB5}.Debug|Any CPU.Build.0 = Debug|Any CPU
		{7A11B513-CBF7-492B-ACFB-CDCE50335BB5}.Release|Any CPU.ActiveCfg = Release|Any CPU
		{7A11B513-CBF7-492B-ACFB-CDCE50335BB5}.Release|Any CPU.Build.0 = Release|Any CPU
		{767682CB-C568-4C08-A989-B2E52CEAE052}.Debug|Any CPU.ActiveCfg = Debug|Any CPU
		{767682CB-C568-4C08-A989-B2E52CEAE052}.Debug|Any CPU.Build.0 = Debug|Any CPU
		{767682CB-C568-4C08-A989-B2E52CEAE052}.Release|Any CPU.ActiveCfg = Release|Any CPU
		{767682CB-C568-4C08-A989-B2E52CEAE052}.Release|Any CPU.Build.0 = Release|Any CPU
	EndGlobalSection
	GlobalSection(SolutionProperties) = preSolution
		HideSolutionNode = FALSE
	EndGlobalSection
	GlobalSection(ExtensibilityGlobals) = postSolution
		SolutionGuid = {2AC913CF-62C1-413B-B376-FCDC5BBD409C}
	EndGlobalSection
EndGlobal
